<?xml version="1.0" encoding="UTF-8" standalone="yes" ?>
<CodeBlocks_project_file>
	<FileVersion major="1" minor="6" />
	<Project>
		<Option title="menjacnica" />
		<Option pch_mode="2" />
		<Option compiler="gcc" />
		<Build>
			<Target title="Debug">
				<Option output="bin/Debug/menjacnica" prefix_auto="1" extension_auto="1" />
				<Option object_output="obj/Debug/" />
				<Option type="1" />
				<Option compiler="gcc" />
				<Compiler>
					<Add option="-g" />
				</Compiler>
			</Target>
			<Target title="Release">
				<Option output="bin/Release/menjacnica" prefix_auto="1" extension_auto="1" />
				<Option object_output="obj/Release/" />
				<Option type="1" />
				<Option compiler="gcc" />
				<Compiler>
					<Add option="-O2" />
				</Compiler>
				<Linker>
					<Add option="-s" />
				</Linker>
			</Target>
		</Build>
		<Compiler>
			<Add option="-Wall" />
			<Add option="-fexceptions" />
		</Compiler>
		<Unit filename="Direktor.hpp" />
		<Unit filename="Kasa.hpp" />
		<Unit filename="Lokal.hpp" />
		<Unit filename="Lokal.txt" />
		<Unit filename="Menjacnica.hpp" />
		<Unit filename="Obezbedjenje.hpp" />
		<Unit filename="Oprema.hpp" />
		<Unit filename="Radnik.hpp" />
		<Unit filename="Reklama.hpp" />
		<Unit filename="Rezultat.txt" />
		<Unit filename="Valute.hpp" />
		<Unit filename="cvRadnika.hpp" />
		<Unit filename="main.cpp" />
		<Extensions>
			<lib_finder disable_auto="1" />
		</Extensions>
	</Project>
</CodeBlocks_project_file>
